
Microsoft Visual Studio Solution File, Format Version 12.00
# Visual Studio Version 17
VisualStudioVersion = 17.9.34728.123
MinimumVisualStudioVersion = 10.0.40219.1
Project("{FAE04EC0-301F-11D3-BF4B-00C04F79EFBC}") = "Atividade33", "Atividade33\Atividade33.csproj", "{257CFAA8-4AF9-4D2E-B0C4-45DFDC1C95A5}"
EndProject
Global
	GlobalSection(SolutionConfigurationPlatforms) = preSolution
		Debug|Any CPU = Debug|Any CPU
		Release|Any CPU = Release|Any CPU
	EndGlobalSection
	GlobalSection(ProjectConfigurationPlatforms) = postSolution
		{257CFAA8-4AF9-4D2E-B0C4-45DFDC1C95A5}.Debug|Any CPU.ActiveCfg = Debug|Any CPU
		{257CFAA8-4AF9-4D2E-B0C4-45DFDC1C95A5}.Debug|Any CPU.Build.0 = Debug|Any CPU
		{257CFAA8-4AF9-4D2E-B0C4-45DFDC1C95A5}.Release|Any CPU.ActiveCfg = Release|Any CPU
		{257CFAA8-4AF9-4D2E-B0C4-45DFDC1C95A5}.Release|Any CPU.Build.0 = Release|Any CPU
	EndGlobalSection
	GlobalSection(SolutionProperties) = preSolution
		HideSolutionNode = FALSE
	EndGlobalSection
	GlobalSection(ExtensibilityGlobals) = postSolution
		SolutionGuid = {930FA1AA-920C-4EC7-BC06-EDD11E7E03CA}
	EndGlobalSection
EndGlobal
